
Microsoft Visual Studio Solution File, Format Version 12.00
# Visual Studio 2013
VisualStudioVersion = 12.0.21005.1
MinimumVisualStudioVersion = 10.0.40219.1
Project("{8BC9CEB8-8B4A-11D0-8D11-00A0C91BC942}") = "GameServer", "GameServer\GameServer.vcxproj", "{DAB6AC3E-9C5B-4A11-9E73-544A2D4AA98D}"
	ProjectSection(ProjectDependencies) = postProject
		{A3CBFAF9-4318-4511-91FD-9E83093E3733} = {A3CBFAF9-4318-4511-91FD-9E83093E3733}
	EndProjectSection
EndProject
Project("{8BC9CEB8-8B4A-11D0-8D11-00A0C91BC942}") = "GameServerLogic", "GameServerLogic\GameServerLogic.vcxproj", "{A3CBFAF9-4318-4511-91FD-9E83093E3733}"
EndProject
Project("{8BC9CEB8-8B4A-11D0-8D11-00A0C91BC942}") = "CenterServer", "CenterServer\CenterServer.vcxproj", "{AED11C19-1ED4-46C0-BD3C-F91EA9948466}"
	ProjectSection(ProjectDependencies) = postProject
		{0A43511F-7EA3-45A0-BB28-F32FCAD4A10D} = {0A43511F-7EA3-45A0-BB28-F32FCAD4A10D}
	EndProjectSection
EndProject
Project("{8BC9CEB8-8B4A-11D0-8D11-00A0C91BC942}") = "CenterServerLogic", "CenterServerLogic\CenterServerLogic.vcxproj", "{0A43511F-7EA3-45A0-BB28-F32FCAD4A10D}"
EndProject
Project("{8BC9CEB8-8B4A-11D0-8D11-00A0C91BC942}") = "DataBase", "..\common\DataBase\DataBase.vcxproj", "{BA6AE1EB-362E-441A-8ADC-74469C12C8D7}"
EndProject
Global
	GlobalSection(SolutionConfigurationPlatforms) = preSolution
		Debug|Win32 = Debug|Win32
		Release|Win32 = Release|Win32
	EndGlobalSection
	GlobalSection(ProjectConfigurationPlatforms) = postSolution
		{DAB6AC3E-9C5B-4A11-9E73-544A2D4AA98D}.Debug|Win32.ActiveCfg = Debug|Win32
		{DAB6AC3E-9C5B-4A11-9E73-544A2D4AA98D}.Debug|Win32.Build.0 = Debug|Win32
		{DAB6AC3E-9C5B-4A11-9E73-544A2D4AA98D}.Release|Win32.ActiveCfg = Release|Win32
		{DAB6AC3E-9C5B-4A11-9E73-544A2D4AA98D}.Release|Win32.Build.0 = Release|Win32
		{A3CBFAF9-4318-4511-91FD-9E83093E3733}.Debug|Win32.ActiveCfg = Debug|Win32
		{A3CBFAF9-4318-4511-91FD-9E83093E3733}.Debug|Win32.Build.0 = Debug|Win32
		{A3CBFAF9-4318-4511-91FD-9E83093E3733}.Release|Win32.ActiveCfg = Release|Win32
		{A3CBFAF9-4318-4511-91FD-9E83093E3733}.Release|Win32.Build.0 = Release|Win32
		{AED11C19-1ED4-46C0-BD3C-F91EA9948466}.Debug|Win32.ActiveCfg = Debug|Win32
		{AED11C19-1ED4-46C0-BD3C-F91EA9948466}.Debug|Win32.Build.0 = Debug|Win32
		{AED11C19-1ED4-46C0-BD3C-F91EA9948466}.Release|Win32.ActiveCfg = Release|Win32
		{AED11C19-1ED4-46C0-BD3C-F91EA9948466}.Release|Win32.Build.0 = Release|Win32
		{0A43511F-7EA3-45A0-BB28-F32FCAD4A10D}.Debug|Win32.ActiveCfg = Debug|Win32
		{0A43511F-7EA3-45A0-BB28-F32FCAD4A10D}.Debug|Win32.Build.0 = Debug|Win32
		{0A43511F-7EA3-45A0-BB28-F32FCAD4A10D}.Release|Win32.ActiveCfg = Release|Win32
		{0A43511F-7EA3-45A0-BB28-F32FCAD4A10D}.Release|Win32.Build.0 = Release|Win32
		{BA6AE1EB-362E-441A-8ADC-74469C12C8D7}.Debug|Win32.ActiveCfg = Debug|Win32
		{BA6AE1EB-362E-441A-8ADC-74469C12C8D7}.Debug|Win32.Build.0 = Debug|Win32
		{BA6AE1EB-362E-441A-8ADC-74469C12C8D7}.Release|Win32.ActiveCfg = Release|Win32
		{BA6AE1EB-362E-441A-8ADC-74469C12C8D7}.Release|Win32.Build.0 = Release|Win32
	EndGlobalSection
	GlobalSection(SolutionProperties) = preSolution
		HideSolutionNode = FALSE
	EndGlobalSection
EndGlobal
