
Microsoft Visual Studio Solution File, Format Version 12.00
# Visual Studio 2013
VisualStudioVersion = 12.0.21005.1
MinimumVisualStudioVersion = 10.0.40219.1
Project("{8BC9CEB8-8B4A-11D0-8D11-00A0C91BC942}") = "ClientSimulator", "ClientSimulator\ClientSimulator.vcxproj", "{A297028F-AA5D-49D3-97D8-B96D79681B0E}"
	ProjectSection(ProjectDependencies) = postProject
		{6E5566B2-F423-421E-9796-2D15402B5206} = {6E5566B2-F423-421E-9796-2D15402B5206}
	EndProjectSection
EndProject
Project("{8BC9CEB8-8B4A-11D0-8D11-00A0C91BC942}") = "SimulatorLogic", "SimulatorLogic\SimulatorLogic.vcxproj", "{6E5566B2-F423-421E-9796-2D15402B5206}"
EndProject
Global
	GlobalSection(SolutionConfigurationPlatforms) = preSolution
		Debug|Win32 = Debug|Win32
		Release|Win32 = Release|Win32
	EndGlobalSection
	GlobalSection(ProjectConfigurationPlatforms) = postSolution
		{A297028F-AA5D-49D3-97D8-B96D79681B0E}.Debug|Win32.ActiveCfg = Debug|Win32
		{A297028F-AA5D-49D3-97D8-B96D79681B0E}.Debug|Win32.Build.0 = Debug|Win32
		{A297028F-AA5D-49D3-97D8-B96D79681B0E}.Release|Win32.ActiveCfg = Release|Win32
		{A297028F-AA5D-49D3-97D8-B96D79681B0E}.Release|Win32.Build.0 = Release|Win32
		{6E5566B2-F423-421E-9796-2D15402B5206}.Debug|Win32.ActiveCfg = Debug|Win32
		{6E5566B2-F423-421E-9796-2D15402B5206}.Debug|Win32.Build.0 = Debug|Win32
		{6E5566B2-F423-421E-9796-2D15402B5206}.Release|Win32.ActiveCfg = Release|Win32
		{6E5566B2-F423-421E-9796-2D15402B5206}.Release|Win32.Build.0 = Release|Win32
	EndGlobalSection
	GlobalSection(SolutionProperties) = preSolution
		HideSolutionNode = FALSE
	EndGlobalSection
EndGlobal
