<?xml version="1.0" encoding="utf-8"?>
<Project ToolsVersion="4.0" xmlns="http://schemas.microsoft.com/developer/msbuild/2003">
  <ItemGroup>
    <Filter Include="Config">
      <UniqueIdentifier>{25f58d58-545f-4e60-8aa9-684bbb584244}</UniqueIdentifier>
    </Filter>
    <Filter Include="Source Files">
      <UniqueIdentifier>{4FC737F1-C7A5-4376-A066-2A32D752A2FF}</UniqueIdentifier>
      <Extensions>cpp;c;cc;cxx;def;odl;idl;hpj;bat;asm;asmx</Extensions>
    </Filter>
    <Filter Include="Header Files">
      <UniqueIdentifier>{93995380-89BD-4b04-88EB-625FBE52EBFB}</UniqueIdentifier>
      <Extensions>h;hh;hpp;hxx;hm;inl;inc;xsd</Extensions>
    </Filter>
    <Filter Include="Client">
      <UniqueIdentifier>{0fc9ba6d-e80d-43a6-9014-5ee3ad7211b9}</UniqueIdentifier>
    </Filter>
    <Filter Include="SensorDB">
      <UniqueIdentifier>{3497e6e3-3b9d-48dd-90e1-a526a8257d47}</UniqueIdentifier>
    </Filter>
  </ItemGroup>
  <ItemGroup>
    <ClCompile Include="Config\CenterServerLogicConfig.cpp">
      <Filter>Config</Filter>
    </ClCompile>
    <ClCompile Include="Client\AppClient.cpp">
      <Filter>Client</Filter>
    </ClCompile>
    <ClCompile Include="Client\Client.cpp">
      <Filter>Client</Filter>
    </ClCompile>
    <ClCompile Include="Client\WebClient.cpp">
      <Filter>Client</Filter>
    </ClCompile>
    <ClCompile Include="Client\DataClient.cpp">
      <Filter>Client</Filter>
    </ClCompile>
    <ClCompile Include="Client\App_Server_Protocol.pb.cc">
      <Filter>Client</Filter>
    </ClCompile>
    <ClCompile Include="SensorDB\SensorDBConn.cpp">
      <Filter>SensorDB</Filter>
    </ClCompile>
    <ClCompile Include="Client\Web_Server_Protocol.pb.cc">
      <Filter>Client</Filter>
    </ClCompile>
    <ClCompile Include="Client\CommonDefine.pb.cc">
      <Filter>Client</Filter>
    </ClCompile>
    <ClCompile Include="CenterServerLogic.cpp">
      <Filter>Source Files</Filter>
    </ClCompile>
  </ItemGroup>
  <ItemGroup>
    <ClInclude Include="CenterServerLogic.h">
      <Filter>Header Files</Filter>
    </ClInclude>
    <ClInclude Include="stdafx.h">
      <Filter>Header Files</Filter>
    </ClInclude>
    <ClInclude Include="Config\CenterServerLogicConfig.h">
      <Filter>Config</Filter>
    </ClInclude>
    <ClInclude Include="Client\AppClient.h">
      <Filter>Client</Filter>
    </ClInclude>
    <ClInclude Include="Client\Client.h">
      <Filter>Client</Filter>
    </ClInclude>
    <ClInclude Include="Client\WebClient.h">
      <Filter>Client</Filter>
    </ClInclude>
    <ClInclude Include="Client\DataClient.h">
      <Filter>Client</Filter>
    </ClInclude>
    <ClInclude Include="Client\App_Server_Protocol.pb.h">
      <Filter>Client</Filter>
    </ClInclude>
    <ClInclude Include="SensorDB\SensorDBConn.h">
      <Filter>SensorDB</Filter>
    </ClInclude>
    <ClInclude Include="SensorDB\SensorDBOperation.h">
      <Filter>SensorDB</Filter>
    </ClInclude>
    <ClInclude Include="Client\Web_Server_Protocol.pb.h">
      <Filter>Header Files</Filter>
    </ClInclude>
    <ClInclude Include="Client\CommonDefine.pb.h">
      <Filter>Client</Filter>
    </ClInclude>
  </ItemGroup>
  <ItemGroup>
    <None Include="..\..\Share\Header\Protocol\Sensor_Server_Protocol.proto">
      <Filter>Client</Filter>
    </None>
  </ItemGroup>
  <ItemGroup>
    <CustomBuild Include="..\..\Share\Header\Protocol\App_Server_Protocol.proto">
      <Filter>Client</Filter>
    </CustomBuild>
    <CustomBuild Include="..\..\Share\Header\Protocol\Web_Server_Protocol.proto">
      <Filter>Client</Filter>
    </CustomBuild>
    <CustomBuild Include="..\..\Share\Header\Protocol\CommonDefine.proto">
      <Filter>Client</Filter>
    </CustomBuild>
  </ItemGroup>
</Project>