<?xml version="1.0" encoding="utf-8"?>
<Project ToolsVersion="4.0" xmlns="http://schemas.microsoft.com/developer/msbuild/2003">
  <ItemGroup>
    <Filter Include="Server">
      <UniqueIdentifier>{be7a634b-c5b0-4625-a624-2b5a9187f6d0}</UniqueIdentifier>
    </Filter>
    <Filter Include="Client">
      <UniqueIdentifier>{f126699a-7a92-4777-8f84-5d09b0ab3876}</UniqueIdentifier>
    </Filter>
    <Filter Include="conn_info">
      <UniqueIdentifier>{6d1b5792-eabc-4529-b32d-689e4a2e0163}</UniqueIdentifier>
    </Filter>
  </ItemGroup>
  <ItemGroup>
    <ClCompile Include="conn_info\conn_info.cpp">
      <Filter>conn_info</Filter>
    </ClCompile>
    <ClCompile Include="Server\server_network_select.cpp">
      <Filter>Server</Filter>
    </ClCompile>
    <ClCompile Include="Client\client_network_select.cpp">
      <Filter>Client</Filter>
    </ClCompile>
    <ClCompile Include="conn_info\client_conn_info.cpp">
      <Filter>conn_info</Filter>
    </ClCompile>
    <ClCompile Include="conn_info\server_conn_info.cpp">
      <Filter>conn_info</Filter>
    </ClCompile>
  </ItemGroup>
  <ItemGroup>
    <ClInclude Include="conn_info\conn_info.h">
      <Filter>conn_info</Filter>
    </ClInclude>
    <ClInclude Include="..\..\Share\Header\Base\INetwork.h" />
    <ClInclude Include="NetworkHead.h" />
    <ClInclude Include="Server\server_network_select.h">
      <Filter>Server</Filter>
    </ClInclude>
    <ClInclude Include="Client\client_network_select.h">
      <Filter>Client</Filter>
    </ClInclude>
    <ClInclude Include="conn_info\client_conn_info.h">
      <Filter>conn_info</Filter>
    </ClInclude>
    <ClInclude Include="conn_info\server_conn_info.h">
      <Filter>conn_info</Filter>
    </ClInclude>
  </ItemGroup>
</Project>