
Microsoft Visual Studio Solution File, Format Version 12.00
# Visual Studio 2013
VisualStudioVersion = 12.0.21005.1
MinimumVisualStudioVersion = 10.0.40219.1
Project("{8BC9CEB8-8B4A-11D0-8D11-00A0C91BC942}") = "Network", "Network\Network.vcxproj", "{35421367-FFD9-4434-8793-CF3818A86976}"
EndProject
Project("{8BC9CEB8-8B4A-11D0-8D11-00A0C91BC942}") = "FileLog", "FileLog\FileLog.vcxproj", "{83DA4138-75A7-4113-8046-8AEA65E03BF8}"
EndProject
Project("{8BC9CEB8-8B4A-11D0-8D11-00A0C91BC942}") = "Daemon", "Daemon\Daemon.vcxproj", "{BD8BE691-06E2-47A9-9169-A12862570DE6}"
EndProject
Project("{8BC9CEB8-8B4A-11D0-8D11-00A0C91BC942}") = "RingBuffer", "RingBuffer\RingBuffer.vcxproj", "{AFA0BC03-1CE1-4730-9627-F087F3670F44}"
EndProject
Project("{8BC9CEB8-8B4A-11D0-8D11-00A0C91BC942}") = "FileReader", "FileReader\FileReader.vcxproj", "{487F08E7-01AF-460C-8EEE-C8D465DE3B9A}"
EndProject
Project("{8BC9CEB8-8B4A-11D0-8D11-00A0C91BC942}") = "Common", "Common\Common.vcxproj", "{97095D4E-7235-4078-88A4-9540EB9F6C08}"
EndProject
Global
	GlobalSection(SolutionConfigurationPlatforms) = preSolution
		Debug|Win32 = Debug|Win32
		Release|Win32 = Release|Win32
	EndGlobalSection
	GlobalSection(ProjectConfigurationPlatforms) = postSolution
		{35421367-FFD9-4434-8793-CF3818A86976}.Debug|Win32.ActiveCfg = Debug|Win32
		{35421367-FFD9-4434-8793-CF3818A86976}.Debug|Win32.Build.0 = Debug|Win32
		{35421367-FFD9-4434-8793-CF3818A86976}.Release|Win32.ActiveCfg = Release|Win32
		{35421367-FFD9-4434-8793-CF3818A86976}.Release|Win32.Build.0 = Release|Win32
		{83DA4138-75A7-4113-8046-8AEA65E03BF8}.Debug|Win32.ActiveCfg = Debug|Win32
		{83DA4138-75A7-4113-8046-8AEA65E03BF8}.Debug|Win32.Build.0 = Debug|Win32
		{83DA4138-75A7-4113-8046-8AEA65E03BF8}.Release|Win32.ActiveCfg = Release|Win32
		{83DA4138-75A7-4113-8046-8AEA65E03BF8}.Release|Win32.Build.0 = Release|Win32
		{BD8BE691-06E2-47A9-9169-A12862570DE6}.Debug|Win32.ActiveCfg = Debug|Win32
		{BD8BE691-06E2-47A9-9169-A12862570DE6}.Debug|Win32.Build.0 = Debug|Win32
		{BD8BE691-06E2-47A9-9169-A12862570DE6}.Release|Win32.ActiveCfg = Release|Win32
		{BD8BE691-06E2-47A9-9169-A12862570DE6}.Release|Win32.Build.0 = Release|Win32
		{AFA0BC03-1CE1-4730-9627-F087F3670F44}.Debug|Win32.ActiveCfg = Debug|Win32
		{AFA0BC03-1CE1-4730-9627-F087F3670F44}.Debug|Win32.Build.0 = Debug|Win32
		{AFA0BC03-1CE1-4730-9627-F087F3670F44}.Release|Win32.ActiveCfg = Release|Win32
		{AFA0BC03-1CE1-4730-9627-F087F3670F44}.Release|Win32.Build.0 = Release|Win32
		{487F08E7-01AF-460C-8EEE-C8D465DE3B9A}.Debug|Win32.ActiveCfg = Debug|Win32
		{487F08E7-01AF-460C-8EEE-C8D465DE3B9A}.Debug|Win32.Build.0 = Debug|Win32
		{487F08E7-01AF-460C-8EEE-C8D465DE3B9A}.Release|Win32.ActiveCfg = Release|Win32
		{487F08E7-01AF-460C-8EEE-C8D465DE3B9A}.Release|Win32.Build.0 = Release|Win32
		{97095D4E-7235-4078-88A4-9540EB9F6C08}.Debug|Win32.ActiveCfg = Debug|Win32
		{97095D4E-7235-4078-88A4-9540EB9F6C08}.Debug|Win32.Build.0 = Debug|Win32
		{97095D4E-7235-4078-88A4-9540EB9F6C08}.Release|Win32.ActiveCfg = Release|Win32
		{97095D4E-7235-4078-88A4-9540EB9F6C08}.Release|Win32.Build.0 = Release|Win32
	EndGlobalSection
	GlobalSection(SolutionProperties) = preSolution
		HideSolutionNode = FALSE
	EndGlobalSection
EndGlobal
