<?xml version="1.0" encoding="utf-8"?>
<Project ToolsVersion="4.0" xmlns="http://schemas.microsoft.com/developer/msbuild/2003">
  <ItemGroup>
    <Filter Include="Source Files">
      <UniqueIdentifier>{4FC737F1-C7A5-4376-A066-2A32D752A2FF}</UniqueIdentifier>
      <Extensions>cpp;c;cc;cxx;def;odl;idl;hpj;bat;asm;asmx</Extensions>
    </Filter>
    <Filter Include="Header Files">
      <UniqueIdentifier>{93995380-89BD-4b04-88EB-625FBE52EBFB}</UniqueIdentifier>
      <Extensions>h;hh;hpp;hxx;hm;inl;inc;xsd</Extensions>
    </Filter>
    <Filter Include="Server">
      <UniqueIdentifier>{50bae1c6-f6de-4fae-b632-508c7bda6051}</UniqueIdentifier>
    </Filter>
    <Filter Include="Config">
      <UniqueIdentifier>{47065cd2-9a20-40b2-b422-6419d162d4fc}</UniqueIdentifier>
    </Filter>
  </ItemGroup>
  <ItemGroup>
    <ClInclude Include="stdafx.h">
      <Filter>Header Files</Filter>
    </ClInclude>
    <ClInclude Include="SimulatorLogic.h">
      <Filter>Header Files</Filter>
    </ClInclude>
    <ClInclude Include="Config\SimulatorConfig.h">
      <Filter>Config</Filter>
    </ClInclude>
    <ClInclude Include="ServerConnection\App_Server_Protocol.pb.h">
      <Filter>Server</Filter>
    </ClInclude>
    <ClInclude Include="ServerConnection\Web_Server_Protocol.pb.h">
      <Filter>Server</Filter>
    </ClInclude>
    <ClInclude Include="ServerConnection\APPServerConnection.h">
      <Filter>Server</Filter>
    </ClInclude>
    <ClInclude Include="ServerConnection\WebServerConnection.h">
      <Filter>Server</Filter>
    </ClInclude>
  </ItemGroup>
  <ItemGroup>
    <ClCompile Include="SimulatorLogic.cpp">
      <Filter>Source Files</Filter>
    </ClCompile>
    <ClCompile Include="Config\SimulatorConfig.cpp">
      <Filter>Config</Filter>
    </ClCompile>
    <ClCompile Include="ServerConnection\App_Server_Protocol.pb.cc">
      <Filter>Server</Filter>
    </ClCompile>
    <ClCompile Include="ServerConnection\Web_Server_Protocol.pb.cc">
      <Filter>Server</Filter>
    </ClCompile>
    <ClCompile Include="ServerConnection\AppServerConnection.cpp">
      <Filter>Server</Filter>
    </ClCompile>
    <ClCompile Include="ServerConnection\AppServerProtocol.cpp">
      <Filter>Server</Filter>
    </ClCompile>
    <ClCompile Include="ServerConnection\WebServerConnection.cpp">
      <Filter>Server</Filter>
    </ClCompile>
    <ClCompile Include="ServerConnection\WebServerProtocol.cpp">
      <Filter>Server</Filter>
    </ClCompile>
  </ItemGroup>
  <ItemGroup>
    <CustomBuild Include="..\..\Share\Header\ClientGSProtocol.proto" />
    <CustomBuild Include="..\..\Share\Header\Protocol\App_Server_Protocol.proto">
      <Filter>Server</Filter>
    </CustomBuild>
    <CustomBuild Include="..\..\Share\Header\Protocol\Web_Server_Protocol.proto">
      <Filter>Server</Filter>
    </CustomBuild>
  </ItemGroup>
</Project>