<?xml version="1.0" encoding="utf-8"?>
<Project ToolsVersion="4.0" xmlns="http://schemas.microsoft.com/developer/msbuild/2003">
  <ItemGroup>
    <Filter Include="Source Files">
      <UniqueIdentifier>{4FC737F1-C7A5-4376-A066-2A32D752A2FF}</UniqueIdentifier>
      <Extensions>cpp;c;cc;cxx;def;odl;idl;hpj;bat;asm;asmx</Extensions>
    </Filter>
    <Filter Include="Header Files">
      <UniqueIdentifier>{93995380-89BD-4b04-88EB-625FBE52EBFB}</UniqueIdentifier>
      <Extensions>h;hh;hpp;hxx;hm;inl;inc;xsd</Extensions>
    </Filter>
    <Filter Include="Config">
      <UniqueIdentifier>{71aebdc4-1e01-4c14-b068-9a4434bd1961}</UniqueIdentifier>
    </Filter>
    <Filter Include="Connection">
      <UniqueIdentifier>{650e7bd8-d2bc-4e50-807a-20cb56949554}</UniqueIdentifier>
    </Filter>
  </ItemGroup>
  <ItemGroup>
    <ClCompile Include="Main.cpp">
      <Filter>Source Files</Filter>
    </ClCompile>
    <ClCompile Include="Config\DataServerConfig.cpp">
      <Filter>Config</Filter>
    </ClCompile>
    <ClCompile Include="Connection\ClientConnection.cpp">
      <Filter>Connection</Filter>
    </ClCompile>
    <ClCompile Include="Connection\DataConnection.cpp">
      <Filter>Connection</Filter>
    </ClCompile>
    <ClCompile Include="DataServer.cpp">
      <Filter>Source Files</Filter>
    </ClCompile>
  </ItemGroup>
  <ItemGroup>
    <ClInclude Include="DataServer.h">
      <Filter>Header Files</Filter>
    </ClInclude>
    <ClInclude Include="Config\DataServerConfig.h">
      <Filter>Config</Filter>
    </ClInclude>
    <ClInclude Include="Connection\ClientConnection.h">
      <Filter>Connection</Filter>
    </ClInclude>
    <ClInclude Include="Connection\DataConnection.h">
      <Filter>Connection</Filter>
    </ClInclude>
    <ClInclude Include="..\..\..\share\header\DataServer\IDataConnection.h">
      <Filter>Header Files</Filter>
    </ClInclude>
    <ClInclude Include="..\..\..\share\header\DataServer\IDataServer.h">
      <Filter>Header Files</Filter>
    </ClInclude>
    <ClInclude Include="..\..\..\share\header\DataServer\IDataServerLogic.h">
      <Filter>Header Files</Filter>
    </ClInclude>
  </ItemGroup>
</Project>